schema: '2.0'
stages:
  data_ingestion:
    cmd: python src/data_ingestion.py
    deps:
    - path: src/data_ingestion.py
      hash: md5
      md5: 0dd31f7d936c893193d8a508d55ddb38
      size: 3637
    params:
      params.yaml:
        data_ingestion.test_size: 0.21
    outs:
    - path: data/raw
      hash: md5
      md5: 4f8ed12448f912122e61579897c4099f.dir
      size: 484846
      nfiles: 2
  data_preprocessing:
    cmd: python src/data_preprocessing.py
    deps:
    - path: data/raw
      hash: md5
      md5: 4f8ed12448f912122e61579897c4099f.dir
      size: 484846
      nfiles: 2
    - path: src/data_preprocessing.py
      hash: md5
      md5: ae0059b79590609927f72e3c373f1865
      size: 3973
    outs:
    - path: data/interim
      hash: md5
      md5: b4f97c417a52c607b4a413bdef8e0da1.dir
      size: 260499
      nfiles: 2
  feature_engineering:
    cmd: python src/feature_engineering.py
    deps:
    - path: data/interim
      hash: md5
      md5: b4f97c417a52c607b4a413bdef8e0da1.dir
      size: 260499
      nfiles: 2
    - path: src/feature_engineering.py
      hash: md5
      md5: 8e4b5397b19c5830f959071168887d69
      size: 3879
    params:
      params.yaml:
        feature_engineering.max_features: 40
    outs:
    - path: data/processed
      hash: md5
      md5: 1744880c4ce98bcd572589221592a26f.dir
      size: 950906
      nfiles: 2
  model_training:
    cmd: python src/model_training.py
    deps:
    - path: data/processed
      hash: md5
      md5: 1744880c4ce98bcd572589221592a26f.dir
      size: 950906
      nfiles: 2
    - path: src/model_training.py
      hash: md5
      md5: 104f3706472e00f23d62d2240371b08e
      size: 4446
    params:
      params.yaml:
        model_training.n_estimators: 25
        model_training.random_state: 42
    outs:
    - path: models/model.pkl
      hash: md5
      md5: 2229e56eeb19c794538fd49a7d3710b1
      size: 852207
  evaluation:
    cmd: python src/evaluation.py
    deps:
    - path: models/model.pkl
      hash: md5
      md5: 2229e56eeb19c794538fd49a7d3710b1
      size: 852207
    - path: src/evaluation.py
      hash: md5
      md5: 3f47a2c10b2dc6af419600dc3397ca68
      size: 3627
    outs:
    - path: reports/metrics.json
      hash: md5
      md5: a4cc03c3358e03e1e5de945a53404f25
      size: 134
