schema: '2.0'
stages:
  data_ingestion:
    cmd: python src/data_ingestion.py
    deps:
    - path: src/data_ingestion.py
      hash: md5
      md5: 0dd31f7d936c893193d8a508d55ddb38
      size: 3637
    params:
      params.yaml:
        data_ingestion.test_size: 0.27
    outs:
    - path: data/raw
      hash: md5
      md5: 60523c125a6774b6d95980d5695a7fdb.dir
      size: 484846
      nfiles: 2
  data_preprocessing:
    cmd: python src/data_preprocessing.py
    deps:
    - path: data/raw
      hash: md5
      md5: 60523c125a6774b6d95980d5695a7fdb.dir
      size: 484846
      nfiles: 2
    - path: src/data_preprocessing.py
      hash: md5
      md5: ae0059b79590609927f72e3c373f1865
      size: 3973
    outs:
    - path: data/interim
      hash: md5
      md5: ac24bc152fa616b7e359c8e1fb3e1ae1.dir
      size: 262048
      nfiles: 2
  feature_engineering:
    cmd: python src/feature_engineering.py
    deps:
    - path: data/interim
      hash: md5
      md5: ac24bc152fa616b7e359c8e1fb3e1ae1.dir
      size: 262048
      nfiles: 2
    - path: src/feature_engineering.py
      hash: md5
      md5: 8e4b5397b19c5830f959071168887d69
      size: 3879
    params:
      params.yaml:
        feature_engineering.max_features: 35
    outs:
    - path: data/processed
      hash: md5
      md5: 470b42446a3889fa8ec58173870adf1b.dir
      size: 839682
      nfiles: 2
  model_training:
    cmd: python src/model_training.py
    deps:
    - path: data/processed
      hash: md5
      md5: 470b42446a3889fa8ec58173870adf1b.dir
      size: 839682
      nfiles: 2
    - path: src/model_training.py
      hash: md5
      md5: 104f3706472e00f23d62d2240371b08e
      size: 4446
    params:
      params.yaml:
        model_training.n_estimators: 35
        model_training.random_state: 42
    outs:
    - path: models/model.pkl
      hash: md5
      md5: ef3949f83ebe82a6c85ceb6f8cf0b4f6
      size: 1059186
  evaluation:
    cmd: python src/evaluation.py
    deps:
    - path: models/model.pkl
      hash: md5
      md5: ef3949f83ebe82a6c85ceb6f8cf0b4f6
      size: 1059186
    - path: src/evaluation.py
      hash: md5
      md5: 9e4d11849985b5a7ad44a071ca63f71d
      size: 4639
    outs:
    - path: reports/metrics.json
      hash: md5
      md5: 29b40d95a0d147f779b2259fe56ec529
      size: 145
